2023-04-26_14-49_38.md
2024-06-18_12-00_32.md
2019-04-24_20-05_22.md
2024-04-11_18-45_10.md
2024-12-03_22-12_14.md
2023-10-11_12-10_25.md
2024-11-22_17-14_17.md
2021-10-22_11-47_4.md
2022-04-25_12-36_39.md
2025-06-17_21-35_2.md
2024-05-08_07-00_6.md
2024-09-08_09-30_30.md
2022-12-08_15-41_14.md
2023-03-23_08-06_2.md
2023-01-14_13-38_9.md
2024-10-02_14-30_28.md
2024-11-13_14-29_24.md
2022-01-24_13-47_51.md
2025-05-31_14-13_4.md
2020-10-07_20-13_10.md
2022-05-13_19-18_32.md
2023-03-21_09-51_4.md
2024-01-15_23-08_15.md
2024-12-11_14-05_12.md
2024-01-27_10-15_14.md
2022-05-29_11-33_30.md
2025-02-12_12-07_10.md
2022-12-08_16-11_13.md
2023-04-18_21-11_41.md
2022-05-28_08-18_29.md
2024-11-13_14-29_23.md
2022-02-22_10-47_49.md
2022-09-04_15-17_17.md
2023-01-17_09-38_7.md
2023-03-24_11-06_1.md
2023-07-16_21-38_26.md
2023-03-07_12-36_3.md
2022-11-12_23-11_33.md
2023-12-16_12-53_17.md
2021-11-25_12-32_53.md
2025-07-07_11-05_0.md
2022-03-16_18-03_47.md
2021-11-05_17-47_1.md
2019-11-27_23-24_16.md
2022-05-02_19-03_35.md
2024-12-03_12-12_13.md
2023-07-11_13-23_31.md
2023-02-06_11-38_6.md
2024-12-01_10-34_15.md
2023-09-21_07-38_27.md
2024-04-11_18-30_9.md
2024-11-12_09-59_22.md
2025-07-07_11-05_1.md
2024-12-01_08-34_16.md
2022-04-28_17-51_36.md
2025-06-17_21-35_1.md
2025-04-28_08-50_8.md
2021-10-15_12-39_6.md
2023-09-06_15-53_28.md
2023-11-14_21-42_21.md
2021-10-22_17-47_46.md
2023-07-11_17-23_30.md
2024-05-30_18-30_3.md
2021-12-17_09-47_52.md
2022-04-05_21-31_44.md
2022-10-16_10-32_15.md
2025-06-07_07-44_2.md
2024-03-10_09-59_12.md
2024-10-26_11-00_25.md
2022-05-27_08-18_31.md
2025-05-15_06-04_4.md
2025-03-13_21-41_9.md
2025-05-15_06-04_5.md
2021-09-09_20-09_7.md
2024-05-24_09-00_5.md
2021-10-26_20-32_3.md
2022-10-12_10-17_22.md
2019-10-31_06-34_18.md
2024-05-05_13-30_7.md
2020-09-30_18-00_11.md
2024-03-13_19-49_11.md
2024-11-14_20-03_19.md
2022-10-22_19-16_20.md
2022-10-21_14-01_21.md
2022-09-26_09-32_24.md
2020-02-04_20-09_14.md
2022-08-18_12-32_26.md
2023-06-11_22-23_34.md
2022-11-10_08-26_18.md
2021-11-04_23-47_2.md
2020-09-10_12-00_13.md
2023-03-06_17-21_5.md
2022-04-06_10-31_45.md
2020-09-21_07-15_12.md
2024-11-11_17-30_21.md
2024-11-11_21-29_20.md
2022-11-18_14-26_16.md
2024-01-15_18-44_16.md
2025-06-07_07-44_3.md
2022-05-11_16-33_28.md
2024-06-20_17-30_31.md
2023-11-14_13-42_22.md
2023-11-19_14-40_20.md
2023-04-25_10-19_39.md
2023-06-04_19-38_35.md
2020-09-26_13-45_9.md
2023-07-11_13-23_32.md
2022-04-11_16-31_42.md
2024-10-24_20-00_26.md
2024-09-19_05-14_29.md
2022-04-11_15-31_43.md
2022-04-13_09-16_41.md
2021-10-19_12-47_5.md
2023-01-05_15-56_11.md
2022-08-20_13-02_25.md
2023-08-03_09-55_29.md
2022-04-26_11-36_38.md
2019-12-12_09-54_15.md
2025-04-26_20-50_7.md
2022-02-15_14-02_50.md
2024-04-13_09-59_8.md
2019-04-16_18-20_23.md
2024-03-04_20-40_13.md
2022-06-08_17-27_27.md
2025-01-13_10-20_11.md
2021-06-06_15-54_8.md
2023-05-18_07-38_37.md
2022-04-11_14-16_40.md
2019-07-01_10-24_20.md
2024-06-04_12-45_1.md
2024-05-27_09-37_4.md
2022-05-13_13-33_33.md
2023-10-06_14-09_24.md
2025-05-10_15-04_6.md
2024-05-30_15-30_2.md
2022-10-04_15-47_23.md
2023-04-25_16-04_40.md
2023-01-11_17-11_10.md
2023-10-19_18-38_23.md
2019-11-04_21-54_17.md
2023-05-08_14-23_36.md
2022-04-30_08-33_37.md
2022-03-13_16-17_48.md
2022-05-10_15-18_34.md
2023-11-14_22-12_18.md
2019-04-20_12-35_21.md
2023-01-14_13-53_8.md
2023-12-04_13-54_18.md
2023-11-29_13-24_19.md
2019-10-01_21-14_19.md
2025-05-31_14-13_3.md
2022-11-03_17-38_19.md
2022-12-20_12-56_12.md
2024-10-13_11-28_27.md
2021-11-21_21-47_54.md
